
Microsoft Visual Studio Solution File, Format Version 12.00
# Visual Studio Version 17
VisualStudioVersion = 17.2.32526.322
MinimumVisualStudioVersion = 10.0.40219.1
Project("{9A19103F-16F7-4668-BE54-9A1E7A4F7556}") = "ReadOnlyCollectionsInterfaces", "ReadOnlyCollectionsInterfaces\ReadOnlyCollectionsInterfaces.csproj", "{B03DFD25-C72E-4A3B-8FBA-454473E7962C}"
EndProject
Project("{9A19103F-16F7-4668-BE54-9A1E7A4F7556}") = "ReadOnlyCollectionsExtensions", "ReadOnlyCollectionsExtensions\ReadOnlyCollectionsExtensions.csproj", "{BD7893E3-6A73-495D-85FA-671259087861}"
EndProject
Project("{FAE04EC0-301F-11D3-BF4B-00C04F79EFBC}") = "Tests", "Tests\Tests.csproj", "{16789FD0-97CA-4E19-BEFE-D5E2E1643025}"
EndProject
Global
	GlobalSection(SolutionConfigurationPlatforms) = preSolution
		Debug|Any CPU = Debug|Any CPU
		Release|Any CPU = Release|Any CPU
	EndGlobalSection
	GlobalSection(ProjectConfigurationPlatforms) = postSolution
		{B03DFD25-C72E-4A3B-8FBA-454473E7962C}.Debug|Any CPU.ActiveCfg = Debug|Any CPU
		{B03DFD25-C72E-4A3B-8FBA-454473E7962C}.Debug|Any CPU.Build.0 = Debug|Any CPU
		{B03DFD25-C72E-4A3B-8FBA-454473E7962C}.Release|Any CPU.ActiveCfg = Release|Any CPU
		{B03DFD25-C72E-4A3B-8FBA-454473E7962C}.Release|Any CPU.Build.0 = Release|Any CPU
		{BD7893E3-6A73-495D-85FA-671259087861}.Debug|Any CPU.ActiveCfg = Debug|Any CPU
		{BD7893E3-6A73-495D-85FA-671259087861}.Debug|Any CPU.Build.0 = Debug|Any CPU
		{BD7893E3-6A73-495D-85FA-671259087861}.Release|Any CPU.ActiveCfg = Release|Any CPU
		{BD7893E3-6A73-495D-85FA-671259087861}.Release|Any CPU.Build.0 = Release|Any CPU
		{16789FD0-97CA-4E19-BEFE-D5E2E1643025}.Debug|Any CPU.ActiveCfg = Debug|Any CPU
		{16789FD0-97CA-4E19-BEFE-D5E2E1643025}.Debug|Any CPU.Build.0 = Debug|Any CPU
		{16789FD0-97CA-4E19-BEFE-D5E2E1643025}.Release|Any CPU.ActiveCfg = Release|Any CPU
		{16789FD0-97CA-4E19-BEFE-D5E2E1643025}.Release|Any CPU.Build.0 = Release|Any CPU
	EndGlobalSection
	GlobalSection(SolutionProperties) = preSolution
		HideSolutionNode = FALSE
	EndGlobalSection
	GlobalSection(ExtensibilityGlobals) = postSolution
		SolutionGuid = {DD3F0CE2-E101-4CC6-B212-E89F425D3F9B}
	EndGlobalSection
EndGlobal
